
Microsoft Visual Studio Solution File, Format Version 12.00
# Visual Studio 15
VisualStudioVersion = 15.0.28307.1622
MinimumVisualStudioVersion = 10.0.40219.1
Project("{8BC9CEB8-8B4A-11D0-8D11-00A0C91BC942}") = "ColorMgmtExample", "ColorMgmtExample\ColorMgmtExample.vcxproj", "{CAA8CB1B-FD00-4C2B-9FE3-07B5DD98451F}"
EndProject
Project("{8BC9CEB8-8B4A-11D0-8D11-00A0C91BC942}") = "ColorMgmtExample.Test", "ColorMgmtExample.Test\ColorMgmtExample.Test.vcxproj", "{90F91FDC-8D4D-4E79-A00E-A2B78454CE02}"
	ProjectSection(ProjectDependencies) = postProject
		{CAA8CB1B-FD00-4C2B-9FE3-07B5DD98451F} = {CAA8CB1B-FD00-4C2B-9FE3-07B5DD98451F}
	EndProjectSection
EndProject
Global
	GlobalSection(SolutionConfigurationPlatforms) = preSolution
		Debug|x64 = Debug|x64
		Debug|x86 = Debug|x86
		Release|x64 = Release|x64
		Release|x86 = Release|x86
	EndGlobalSection
	GlobalSection(ProjectConfigurationPlatforms) = postSolution
		{CAA8CB1B-FD00-4C2B-9FE3-07B5DD98451F}.Debug|x64.ActiveCfg = Debug|x64
		{CAA8CB1B-FD00-4C2B-9FE3-07B5DD98451F}.Debug|x64.Build.0 = Debug|x64
		{CAA8CB1B-FD00-4C2B-9FE3-07B5DD98451F}.Debug|x86.ActiveCfg = Debug|Win32
		{CAA8CB1B-FD00-4C2B-9FE3-07B5DD98451F}.Debug|x86.Build.0 = Debug|Win32
		{CAA8CB1B-FD00-4C2B-9FE3-07B5DD98451F}.Release|x64.ActiveCfg = Release|x64
		{CAA8CB1B-FD00-4C2B-9FE3-07B5DD98451F}.Release|x64.Build.0 = Release|x64
		{CAA8CB1B-FD00-4C2B-9FE3-07B5DD98451F}.Release|x86.ActiveCfg = Release|Win32
		{CAA8CB1B-FD00-4C2B-9FE3-07B5DD98451F}.Release|x86.Build.0 = Release|Win32
		{90F91FDC-8D4D-4E79-A00E-A2B78454CE02}.Debug|x64.ActiveCfg = Debug|x64
		{90F91FDC-8D4D-4E79-A00E-A2B78454CE02}.Debug|x64.Build.0 = Debug|x64
		{90F91FDC-8D4D-4E79-A00E-A2B78454CE02}.Debug|x86.ActiveCfg = Debug|Win32
		{90F91FDC-8D4D-4E79-A00E-A2B78454CE02}.Debug|x86.Build.0 = Debug|Win32
		{90F91FDC-8D4D-4E79-A00E-A2B78454CE02}.Release|x64.ActiveCfg = Release|x64
		{90F91FDC-8D4D-4E79-A00E-A2B78454CE02}.Release|x64.Build.0 = Release|x64
		{90F91FDC-8D4D-4E79-A00E-A2B78454CE02}.Release|x86.ActiveCfg = Release|Win32
		{90F91FDC-8D4D-4E79-A00E-A2B78454CE02}.Release|x86.Build.0 = Release|Win32
	EndGlobalSection
	GlobalSection(SolutionProperties) = preSolution
		HideSolutionNode = FALSE
	EndGlobalSection
	GlobalSection(ExtensibilityGlobals) = postSolution
		SolutionGuid = {5E5E5DDE-ABE1-4D1B-A2B1-DE6CDD1FE588}
	EndGlobalSection
EndGlobal
